
Microsoft Visual Studio Solution File, Format Version 12.00
# Visual Studio Version 16
VisualStudioVersion = 16.0.29306.81
MinimumVisualStudioVersion = 10.0.40219.1
Project("{9A19103F-16F7-4668-BE54-9A1E7A4F7556}") = "Canvas", "Canvas\Canvas.csproj", "{D63EA855-2C39-4155-920B-160CAC7B158A}"
EndProject
Project("{FAE04EC0-301F-11D3-BF4B-00C04F79EFBC}") = "LocalModulesStorage", "LocalModulesStorage\LocalModulesStorage.csproj", "{73C1C19A-0CE9-4C0F-8A16-3CFFF0386029}"
EndProject
Global
	GlobalSection(SolutionConfigurationPlatforms) = preSolution
		Debug|Any CPU = Debug|Any CPU
		Release|Any CPU = Release|Any CPU
	EndGlobalSection
	GlobalSection(ProjectConfigurationPlatforms) = postSolution
		{D63EA855-2C39-4155-920B-160CAC7B158A}.Debug|Any CPU.ActiveCfg = Debug|Any CPU
		{D63EA855-2C39-4155-920B-160CAC7B158A}.Debug|Any CPU.Build.0 = Debug|Any CPU
		{D63EA855-2C39-4155-920B-160CAC7B158A}.Release|Any CPU.ActiveCfg = Release|Any CPU
		{D63EA855-2C39-4155-920B-160CAC7B158A}.Release|Any CPU.Build.0 = Release|Any CPU
		{73C1C19A-0CE9-4C0F-8A16-3CFFF0386029}.Debug|Any CPU.ActiveCfg = Debug|Any CPU
		{73C1C19A-0CE9-4C0F-8A16-3CFFF0386029}.Debug|Any CPU.Build.0 = Debug|Any CPU
		{73C1C19A-0CE9-4C0F-8A16-3CFFF0386029}.Release|Any CPU.ActiveCfg = Release|Any CPU
		{73C1C19A-0CE9-4C0F-8A16-3CFFF0386029}.Release|Any CPU.Build.0 = Release|Any CPU
	EndGlobalSection
	GlobalSection(SolutionProperties) = preSolution
		HideSolutionNode = FALSE
	EndGlobalSection
	GlobalSection(ExtensibilityGlobals) = postSolution
		SolutionGuid = {663548AC-A704-415E-A662-2B208194E143}
	EndGlobalSection
EndGlobal
